// !$*UTF8*$!
{
	archiveVersion = 1;
	classes = {
	};
	objectVersion = 46;
	objects = {

/* Begin PBXBuildFile section */
		3803AE8319CCEF730088623B /* main.m in Sources */ = {isa = PBXBuildFile; fileRef = 3803AE8219CCEF730088623B /* main.m */; };
		3803AE8619CCEF730088623B /* AppDelegate.m in Sources */ = {isa = PBXBuildFile; fileRef = 3803AE8519CCEF730088623B /* AppDelegate.m */; };
		3803AE8E19CCEF730088623B /* Images.xcassets in Resources */ = {isa = PBXBuildFile; fileRef = 3803AE8D19CCEF730088623B /* Images.xcassets */; };
		3803AE9119CCEF730088623B /* LaunchScreen.xib in Resources */ = {isa = PBXBuildFile; fileRef = 3803AE8F19CCEF730088623B /* LaunchScreen.xib */; };
		3803AE9D19CCEF730088623B /* ScorerTests.m in Sources */ = {isa = PBXBuildFile; fileRef = 3803AE9C19CCEF730088623B /* ScorerTests.m */; };
		3803AEA919CCFEDD0088623B /* PlayerScoreCard.m in Sources */ = {isa = PBXBuildFile; fileRef = 3803AEA719CCFEDD0088623B /* PlayerScoreCard.m */; };
		3803AEAA19CCFEDD0088623B /* PlayerScoreCard.xib in Resources */ = {isa = PBXBuildFile; fileRef = 3803AEA819CCFEDD0088623B /* PlayerScoreCard.xib */; };
		3803AEB319CD068A0088623B /* PlayerTurnTableViewCell.m in Sources */ = {isa = PBXBuildFile; fileRef = 3803AEB119CD068A0088623B /* PlayerTurnTableViewCell.m */; };
		3803AEB419CD068A0088623B /* PlayerTurnTableViewCell.xib in Resources */ = {isa = PBXBuildFile; fileRef = 3803AEB219CD068A0088623B /* PlayerTurnTableViewCell.xib */; };
		38ED356B19CD498000D6FEBF /* TurnAmountViewController.m in Sources */ = {isa = PBXBuildFile; fileRef = 38ED356919CD498000D6FEBF /* TurnAmountViewController.m */; };
		38ED356C19CD498000D6FEBF /* TurnAmountViewController.xib in Resources */ = {isa = PBXBuildFile; fileRef = 38ED356A19CD498000D6FEBF /* TurnAmountViewController.xib */; };
		38ED357419CD5E6800D6FEBF /* UIViewController+MaryPopin.m in Sources */ = {isa = PBXBuildFile; fileRef = 38ED357319CD5E6800D6FEBF /* UIViewController+MaryPopin.m */; };
		38ED357819CD9AFB00D6FEBF /* GameScoreViewController.m in Sources */ = {isa = PBXBuildFile; fileRef = 38ED357619CD9AFB00D6FEBF /* GameScoreViewController.m */; };
		38ED357919CD9AFB00D6FEBF /* GameScoreViewController.xib in Resources */ = {isa = PBXBuildFile; fileRef = 38ED357719CD9AFB00D6FEBF /* GameScoreViewController.xib */; };
/* End PBXBuildFile section */

/* Begin PBXContainerItemProxy section */
		3803AE9719CCEF730088623B /* PBXContainerItemProxy */ = {
			isa = PBXContainerItemProxy;
			containerPortal = 3803AE7519CCEF730088623B /* Project object */;
			proxyType = 1;
			remoteGlobalIDString = 3803AE7C19CCEF730088623B;
			remoteInfo = Scorer;
		};
/* End PBXContainerItemProxy section */

/* Begin PBXFileReference section */
		3803AE7D19CCEF730088623B /* Scorer.app */ = {isa = PBXFileReference; explicitFileType = wrapper.application; includeInIndex = 0; path = Scorer.app; sourceTree = BUILT_PRODUCTS_DIR; };
		3803AE8119CCEF730088623B /* Info.plist */ = {isa = PBXFileReference; lastKnownFileType = text.plist.xml; path = Info.plist; sourceTree = "<group>"; };
		3803AE8219CCEF730088623B /* main.m */ = {isa = PBXFileReference; lastKnownFileType = sourcecode.c.objc; path = main.m; sourceTree = "<group>"; };
		3803AE8419CCEF730088623B /* AppDelegate.h */ = {isa = PBXFileReference; lastKnownFileType = sourcecode.c.h; path = AppDelegate.h; sourceTree = "<group>"; };
		3803AE8519CCEF730088623B /* AppDelegate.m */ = {isa = PBXFileReference; lastKnownFileType = sourcecode.c.objc; path = AppDelegate.m; sourceTree = "<group>"; };
		3803AE8D19CCEF730088623B /* Images.xcassets */ = {isa = PBXFileReference; lastKnownFileType = folder.assetcatalog; path = Images.xcassets; sourceTree = "<group>"; };
		3803AE9019CCEF730088623B /* Base */ = {isa = PBXFileReference; lastKnownFileType = file.xib; name = Base; path = Base.lproj/LaunchScreen.xib; sourceTree = "<group>"; };
		3803AE9619CCEF730088623B /* ScorerTests.xctest */ = {isa = PBXFileReference; explicitFileType = wrapper.cfbundle; includeInIndex = 0; path = ScorerTests.xctest; sourceTree = BUILT_PRODUCTS_DIR; };
		3803AE9B19CCEF730088623B /* Info.plist */ = {isa = PBXFileReference; lastKnownFileType = text.plist.xml; path = Info.plist; sourceTree = "<group>"; };
		3803AE9C19CCEF730088623B /* ScorerTests.m */ = {isa = PBXFileReference; lastKnownFileType = sourcecode.c.objc; path = ScorerTests.m; sourceTree = "<group>"; };
		3803AEA619CCFEDD0088623B /* PlayerScoreCard.h */ = {isa = PBXFileReference; fileEncoding = 4; lastKnownFileType = sourcecode.c.h; path = PlayerScoreCard.h; sourceTree = "<group>"; };
		3803AEA719CCFEDD0088623B /* PlayerScoreCard.m */ = {isa = PBXFileReference; fileEncoding = 4; lastKnownFileType = sourcecode.c.objc; path = PlayerScoreCard.m; sourceTree = "<group>"; };
		3803AEA819CCFEDD0088623B /* PlayerScoreCard.xib */ = {isa = PBXFileReference; fileEncoding = 4; lastKnownFileType = file.xib; path = PlayerScoreCard.xib; sourceTree = "<group>"; };
		3803AEB019CD068A0088623B /* PlayerTurnTableViewCell.h */ = {isa = PBXFileReference; fileEncoding = 4; lastKnownFileType = sourcecode.c.h; path = PlayerTurnTableViewCell.h; sourceTree = "<group>"; };
		3803AEB119CD068A0088623B /* PlayerTurnTableViewCell.m */ = {isa = PBXFileReference; fileEncoding = 4; lastKnownFileType = sourcecode.c.objc; path = PlayerTurnTableViewCell.m; sourceTree = "<group>"; };
		3803AEB219CD068A0088623B /* PlayerTurnTableViewCell.xib */ = {isa = PBXFileReference; fileEncoding = 4; lastKnownFileType = file.xib; path = PlayerTurnTableViewCell.xib; sourceTree = "<group>"; };
		38ED356819CD498000D6FEBF /* TurnAmountViewController.h */ = {isa = PBXFileReference; fileEncoding = 4; lastKnownFileType = sourcecode.c.h; path = TurnAmountViewController.h; sourceTree = "<group>"; };
		38ED356919CD498000D6FEBF /* TurnAmountViewController.m */ = {isa = PBXFileReference; fileEncoding = 4; lastKnownFileType = sourcecode.c.objc; path = TurnAmountViewController.m; sourceTree = "<group>"; };
		38ED356A19CD498000D6FEBF /* TurnAmountViewController.xib */ = {isa = PBXFileReference; fileEncoding = 4; lastKnownFileType = file.xib; path = TurnAmountViewController.xib; sourceTree = "<group>"; };
		38ED357219CD5E6800D6FEBF /* UIViewController+MaryPopin.h */ = {isa = PBXFileReference; fileEncoding = 4; lastKnownFileType = sourcecode.c.h; path = "UIViewController+MaryPopin.h"; sourceTree = "<group>"; };
		38ED357319CD5E6800D6FEBF /* UIViewController+MaryPopin.m */ = {isa = PBXFileReference; fileEncoding = 4; lastKnownFileType = sourcecode.c.objc; path = "UIViewController+MaryPopin.m"; sourceTree = "<group>"; };
		38ED357519CD9AFB00D6FEBF /* GameScoreViewController.h */ = {isa = PBXFileReference; fileEncoding = 4; lastKnownFileType = sourcecode.c.h; path = GameScoreViewController.h; sourceTree = "<group>"; };
		38ED357619CD9AFB00D6FEBF /* GameScoreViewController.m */ = {isa = PBXFileReference; fileEncoding = 4; lastKnownFileType = sourcecode.c.objc; path = GameScoreViewController.m; sourceTree = "<group>"; };
		38ED357719CD9AFB00D6FEBF /* GameScoreViewController.xib */ = {isa = PBXFileReference; fileEncoding = 4; lastKnownFileType = file.xib; path = GameScoreViewController.xib; sourceTree = "<group>"; };
/* End PBXFileReference section */

/* Begin PBXFrameworksBuildPhase section */
		3803AE7A19CCEF730088623B /* Frameworks */ = {
			isa = PBXFrameworksBuildPhase;
			buildActionMask = 2147483647;
			files = (
			);
			runOnlyForDeploymentPostprocessing = 0;
		};
		3803AE9319CCEF730088623B /* Frameworks */ = {
			isa = PBXFrameworksBuildPhase;
			buildActionMask = 2147483647;
			files = (
			);
			runOnlyForDeploymentPostprocessing = 0;
		};
/* End PBXFrameworksBuildPhase section */

/* Begin PBXGroup section */
		3803AE7419CCEF730088623B = {
			isa = PBXGroup;
			children = (
				3803AE7F19CCEF730088623B /* Scorer */,
				3803AE9919CCEF730088623B /* ScorerTests */,
				3803AE7E19CCEF730088623B /* Products */,
			);
			sourceTree = "<group>";
		};
		3803AE7E19CCEF730088623B /* Products */ = {
			isa = PBXGroup;
			children = (
				3803AE7D19CCEF730088623B /* Scorer.app */,
				3803AE9619CCEF730088623B /* ScorerTests.xctest */,
			);
			name = Products;
			sourceTree = "<group>";
		};
		3803AE7F19CCEF730088623B /* Scorer */ = {
			isa = PBXGroup;
			children = (
				38ED357119CD5E6800D6FEBF /* MaryPopin */,
				3803AE8419CCEF730088623B /* AppDelegate.h */,
				3803AE8519CCEF730088623B /* AppDelegate.m */,
				3803AE8D19CCEF730088623B /* Images.xcassets */,
				3803AE8F19CCEF730088623B /* LaunchScreen.xib */,
				3803AE8019CCEF730088623B /* Supporting Files */,
				3803AEA619CCFEDD0088623B /* PlayerScoreCard.h */,
				3803AEA719CCFEDD0088623B /* PlayerScoreCard.m */,
				3803AEA819CCFEDD0088623B /* PlayerScoreCard.xib */,
				3803AEB019CD068A0088623B /* PlayerTurnTableViewCell.h */,
				3803AEB119CD068A0088623B /* PlayerTurnTableViewCell.m */,
				3803AEB219CD068A0088623B /* PlayerTurnTableViewCell.xib */,
				38ED356819CD498000D6FEBF /* TurnAmountViewController.h */,
				38ED356919CD498000D6FEBF /* TurnAmountViewController.m */,
				38ED356A19CD498000D6FEBF /* TurnAmountViewController.xib */,
				38ED357519CD9AFB00D6FEBF /* GameScoreViewController.h */,
				38ED357619CD9AFB00D6FEBF /* GameScoreViewController.m */,
				38ED357719CD9AFB00D6FEBF /* GameScoreViewController.xib */,
			);
			path = Scorer;
			sourceTree = "<group>";
		};
		3803AE8019CCEF730088623B /* Supporting Files */ = {
			isa = PBXGroup;
			children = (
				3803AE8119CCEF730088623B /* Info.plist */,
				3803AE8219CCEF730088623B /* main.m */,
			);
			name = "Supporting Files";
			sourceTree = "<group>";
		};
		3803AE9919CCEF730088623B /* ScorerTests */ = {
			isa = PBXGroup;
			children = (
				3803AE9C19CCEF730088623B /* ScorerTests.m */,
				3803AE9A19CCEF730088623B /* Supporting Files */,
			);
			path = ScorerTests;
			sourceTree = "<group>";
		};
		3803AE9A19CCEF730088623B /* Supporting Files */ = {
			isa = PBXGroup;
			children = (
				3803AE9B19CCEF730088623B /* Info.plist */,
			);
			name = "Supporting Files";
			sourceTree = "<group>";
		};
		38ED357119CD5E6800D6FEBF /* MaryPopin */ = {
			isa = PBXGroup;
			children = (
				38ED357219CD5E6800D6FEBF /* UIViewController+MaryPopin.h */,
				38ED357319CD5E6800D6FEBF /* UIViewController+MaryPopin.m */,
			);
			path = MaryPopin;
			sourceTree = "<group>";
		};
/* End PBXGroup section */

/* Begin PBXNativeTarget section */
		3803AE7C19CCEF730088623B /* Scorer */ = {
			isa = PBXNativeTarget;
			buildConfigurationList = 3803AEA019CCEF730088623B /* Build configuration list for PBXNativeTarget "Scorer" */;
			buildPhases = (
				3803AE7919CCEF730088623B /* Sources */,
				3803AE7A19CCEF730088623B /* Frameworks */,
				3803AE7B19CCEF730088623B /* Resources */,
			);
			buildRules = (
			);
			dependencies = (
			);
			name = Scorer;
			productName = Scorer;
			productReference = 3803AE7D19CCEF730088623B /* Scorer.app */;
			productType = "com.apple.product-type.application";
		};
		3803AE9519CCEF730088623B /* ScorerTests */ = {
			isa = PBXNativeTarget;
			buildConfigurationList = 3803AEA319CCEF730088623B /* Build configuration list for PBXNativeTarget "ScorerTests" */;
			buildPhases = (
				3803AE9219CCEF730088623B /* Sources */,
				3803AE9319CCEF730088623B /* Frameworks */,
				3803AE9419CCEF730088623B /* Resources */,
			);
			buildRules = (
			);
			dependencies = (
				3803AE9819CCEF730088623B /* PBXTargetDependency */,
			);
			name = ScorerTests;
			productName = ScorerTests;
			productReference = 3803AE9619CCEF730088623B /* ScorerTests.xctest */;
			productType = "com.apple.product-type.bundle.unit-test";
		};
/* End PBXNativeTarget section */

/* Begin PBXProject section */
		3803AE7519CCEF730088623B /* Project object */ = {
			isa = PBXProject;
			attributes = {
				LastUpgradeCheck = 0610;
				ORGANIZATIONNAME = "Damian Jardim";
				TargetAttributes = {
					3803AE7C19CCEF730088623B = {
						CreatedOnToolsVersion = 6.1;
					};
					3803AE9519CCEF730088623B = {
						CreatedOnToolsVersion = 6.1;
						TestTargetID = 3803AE7C19CCEF730088623B;
					};
				};
			};
			buildConfigurationList = 3803AE7819CCEF730088623B /* Build configuration list for PBXProject "Scorer" */;
			compatibilityVersion = "Xcode 3.2";
			developmentRegion = English;
			hasScannedForEncodings = 0;
			knownRegions = (
				en,
				Base,
			);
			mainGroup = 3803AE7419CCEF730088623B;
			productRefGroup = 3803AE7E19CCEF730088623B /* Products */;
			projectDirPath = "";
			projectRoot = "";
			targets = (
				3803AE7C19CCEF730088623B /* Scorer */,
				3803AE9519CCEF730088623B /* ScorerTests */,
			);
		};
/* End PBXProject section */

/* Begin PBXResourcesBuildPhase section */
		3803AE7B19CCEF730088623B /* Resources */ = {
			isa = PBXResourcesBuildPhase;
			buildActionMask = 2147483647;
			files = (
				3803AEAA19CCFEDD0088623B /* PlayerScoreCard.xib in Resources */,
				38ED356C19CD498000D6FEBF /* TurnAmountViewController.xib in Resources */,
				3803AEB419CD068A0088623B /* PlayerTurnTableViewCell.xib in Resources */,
				3803AE9119CCEF730088623B /* LaunchScreen.xib in Resources */,
				3803AE8E19CCEF730088623B /* Images.xcassets in Resources */,
				38ED357919CD9AFB00D6FEBF /* GameScoreViewController.xib in Resources */,
			);
			runOnlyForDeploymentPostprocessing = 0;
		};
		3803AE9419CCEF730088623B /* Resources */ = {
			isa = PBXResourcesBuildPhase;
			buildActionMask = 2147483647;
			files = (
			);
			runOnlyForDeploymentPostprocessing = 0;
		};
/* End PBXResourcesBuildPhase section */

/* Begin PBXSourcesBuildPhase section */
		3803AE7919CCEF730088623B /* Sources */ = {
			isa = PBXSourcesBuildPhase;
			buildActionMask = 2147483647;
			files = (
				3803AE8619CCEF730088623B /* AppDelegate.m in Sources */,
				38ED356B19CD498000D6FEBF /* TurnAmountViewController.m in Sources */,
				3803AEB319CD068A0088623B /* PlayerTurnTableViewCell.m in Sources */,
				3803AE8319CCEF730088623B /* main.m in Sources */,
				38ED357419CD5E6800D6FEBF /* UIViewController+MaryPopin.m in Sources */,
				3803AEA919CCFEDD0088623B /* PlayerScoreCard.m in Sources */,
				38ED357819CD9AFB00D6FEBF /* GameScoreViewController.m in Sources */,
			);
			runOnlyForDeploymentPostprocessing = 0;
		};
		3803AE9219CCEF730088623B /* Sources */ = {
			isa = PBXSourcesBuildPhase;
			buildActionMask = 2147483647;
			files = (
				3803AE9D19CCEF730088623B /* ScorerTests.m in Sources */,
			);
			runOnlyForDeploymentPostprocessing = 0;
		};
/* End PBXSourcesBuildPhase section */

/* Begin PBXTargetDependency section */
		3803AE9819CCEF730088623B /* PBXTargetDependency */ = {
			isa = PBXTargetDependency;
			target = 3803AE7C19CCEF730088623B /* Scorer */;
			targetProxy = 3803AE9719CCEF730088623B /* PBXContainerItemProxy */;
		};
/* End PBXTargetDependency section */

/* Begin PBXVariantGroup section */
		3803AE8F19CCEF730088623B /* LaunchScreen.xib */ = {
			isa = PBXVariantGroup;
			children = (
				3803AE9019CCEF730088623B /* Base */,
			);
			name = LaunchScreen.xib;
			sourceTree = "<group>";
		};
/* End PBXVariantGroup section */

/* Begin XCBuildConfiguration section */
		3803AE9E19CCEF730088623B /* Debug */ = {
			isa = XCBuildConfiguration;
			buildSettings = {
				ALWAYS_SEARCH_USER_PATHS = NO;
				CLANG_CXX_LANGUAGE_STANDARD = "gnu++0x";
				CLANG_CXX_LIBRARY = "libc++";
				CLANG_ENABLE_MODULES = YES;
				CLANG_ENABLE_OBJC_ARC = YES;
				CLANG_WARN_BOOL_CONVERSION = YES;
				CLANG_WARN_CONSTANT_CONVERSION = YES;
				CLANG_WARN_DIRECT_OBJC_ISA_USAGE = YES_ERROR;
				CLANG_WARN_EMPTY_BODY = YES;
				CLANG_WARN_ENUM_CONVERSION = YES;
				CLANG_WARN_INT_CONVERSION = YES;
				CLANG_WARN_OBJC_ROOT_CLASS = YES_ERROR;
				CLANG_WARN_UNREACHABLE_CODE = YES;
				CLANG_WARN__DUPLICATE_METHOD_MATCH = YES;
				"CODE_SIGN_IDENTITY[sdk=iphoneos*]" = "iPhone Developer";
				COPY_PHASE_STRIP = NO;
				ENABLE_STRICT_OBJC_MSGSEND = YES;
				GCC_C_LANGUAGE_STANDARD = gnu99;
				GCC_DYNAMIC_NO_PIC = NO;
				GCC_OPTIMIZATION_LEVEL = 0;
				GCC_PREPROCESSOR_DEFINITIONS = (
					"DEBUG=1",
					"$(inherited)",
				);
				GCC_SYMBOLS_PRIVATE_EXTERN = NO;
				GCC_WARN_64_TO_32_BIT_CONVERSION = YES;
				GCC_WARN_ABOUT_RETURN_TYPE = YES_ERROR;
				GCC_WARN_UNDECLARED_SELECTOR = YES;
				GCC_WARN_UNINITIALIZED_AUTOS = YES_AGGRESSIVE;
				GCC_WARN_UNUSED_FUNCTION = YES;
				GCC_WARN_UNUSED_VARIABLE = YES;
				IPHONEOS_DEPLOYMENT_TARGET = 8.0;
				MTL_ENABLE_DEBUG_INFO = YES;
				ONLY_ACTIVE_ARCH = YES;
				SDKROOT = iphoneos;
			};
			name = Debug;
		};
		3803AE9F19CCEF730088623B /* Release */ = {
			isa = XCBuildConfiguration;
			buildSettings = {
				ALWAYS_SEARCH_USER_PATHS = NO;
				CLANG_CXX_LANGUAGE_STANDARD = "gnu++0x";
				CLANG_CXX_LIBRARY = "libc++";
				CLANG_ENABLE_MODULES = YES;
				CLANG_ENABLE_OBJC_ARC = YES;
				CLANG_WARN_BOOL_CONVERSION = YES;
				CLANG_WARN_CONSTANT_CONVERSION = YES;
				CLANG_WARN_DIRECT_OBJC_ISA_USAGE = YES_ERROR;
				CLANG_WARN_EMPTY_BODY = YES;
				CLANG_WARN_ENUM_CONVERSION = YES;
				CLANG_WARN_INT_CONVERSION = YES;
				CLANG_WARN_OBJC_ROOT_CLASS = YES_ERROR;
				CLANG_WARN_UNREACHABLE_CODE = YES;
				CLANG_WARN__DUPLICATE_METHOD_MATCH = YES;
				"CODE_SIGN_IDENTITY[sdk=iphoneos*]" = "iPhone Developer";
				COPY_PHASE_STRIP = YES;
				ENABLE_NS_ASSERTIONS = NO;
				ENABLE_STRICT_OBJC_MSGSEND = YES;
				GCC_C_LANGUAGE_STANDARD = gnu99;
				GCC_WARN_64_TO_32_BIT_CONVERSION = YES;
				GCC_WARN_ABOUT_RETURN_TYPE = YES_ERROR;
				GCC_WARN_UNDECLARED_SELECTOR = YES;
				GCC_WARN_UNINITIALIZED_AUTOS = YES_AGGRESSIVE;
				GCC_WARN_UNUSED_FUNCTION = YES;
				GCC_WARN_UNUSED_VARIABLE = YES;
				IPHONEOS_DEPLOYMENT_TARGET = 8.0;
				MTL_ENABLE_DEBUG_INFO = NO;
				SDKROOT = iphoneos;
				VALIDATE_PRODUCT = YES;
			};
			name = Release;
		};
		3803AEA119CCEF730088623B /* Debug */ = {
			isa = XCBuildConfiguration;
			buildSettings = {
				ASSETCATALOG_COMPILER_APPICON_NAME = AppIcon;
				INFOPLIST_FILE = Scorer/Info.plist;
				LD_RUNPATH_SEARCH_PATHS = "$(inherited) @executable_path/Frameworks";
				PRODUCT_NAME = "$(TARGET_NAME)";
			};
			name = Debug;
		};
		3803AEA219CCEF730088623B /* Release */ = {
			isa = XCBuildConfiguration;
			buildSettings = {
				ASSETCATALOG_COMPILER_APPICON_NAME = AppIcon;
				INFOPLIST_FILE = Scorer/Info.plist;
				LD_RUNPATH_SEARCH_PATHS = "$(inherited) @executable_path/Frameworks";
				PRODUCT_NAME = "$(TARGET_NAME)";
			};
			name = Release;
		};
		3803AEA419CCEF730088623B /* Debug */ = {
			isa = XCBuildConfiguration;
			buildSettings = {
				BUNDLE_LOADER = "$(TEST_HOST)";
				FRAMEWORK_SEARCH_PATHS = (
					"$(SDKROOT)/Developer/Library/Frameworks",
					"$(inherited)",
				);
				GCC_PREPROCESSOR_DEFINITIONS = (
					"DEBUG=1",
					"$(inherited)",
				);
				INFOPLIST_FILE = ScorerTests/Info.plist;
				LD_RUNPATH_SEARCH_PATHS = "$(inherited) @executable_path/Frameworks @loader_path/Frameworks";
				PRODUCT_NAME = "$(TARGET_NAME)";
				TEST_HOST = "$(BUILT_PRODUCTS_DIR)/Scorer.app/Scorer";
			};
			name = Debug;
		};
		3803AEA519CCEF730088623B /* Release */ = {
			isa = XCBuildConfiguration;
			buildSettings = {
				BUNDLE_LOADER = "$(TEST_HOST)";
				FRAMEWORK_SEARCH_PATHS = (
					"$(SDKROOT)/Developer/Library/Frameworks",
					"$(inherited)",
				);
				INFOPLIST_FILE = ScorerTests/Info.plist;
				LD_RUNPATH_SEARCH_PATHS = "$(inherited) @executable_path/Frameworks @loader_path/Frameworks";
				PRODUCT_NAME = "$(TARGET_NAME)";
				TEST_HOST = "$(BUILT_PRODUCTS_DIR)/Scorer.app/Scorer";
			};
			name = Release;
		};
/* End XCBuildConfiguration section */

/* Begin XCConfigurationList section */
		3803AE7819CCEF730088623B /* Build configuration list for PBXProject "Scorer" */ = {
			isa = XCConfigurationList;
			buildConfigurations = (
				3803AE9E19CCEF730088623B /* Debug */,
				3803AE9F19CCEF730088623B /* Release */,
			);
			defaultConfigurationIsVisible = 0;
			defaultConfigurationName = Release;
		};
		3803AEA019CCEF730088623B /* Build configuration list for PBXNativeTarget "Scorer" */ = {
			isa = XCConfigurationList;
			buildConfigurations = (
				3803AEA119CCEF730088623B /* Debug */,
				3803AEA219CCEF730088623B /* Release */,
			);
			defaultConfigurationIsVisible = 0;
			defaultConfigurationName = Release;
		};
		3803AEA319CCEF730088623B /* Build configuration list for PBXNativeTarget "ScorerTests" */ = {
			isa = XCConfigurationList;
			buildConfigurations = (
				3803AEA419CCEF730088623B /* Debug */,
				3803AEA519CCEF730088623B /* Release */,
			);
			defaultConfigurationIsVisible = 0;
			defaultConfigurationName = Release;
		};
/* End XCConfigurationList section */
	};
	rootObject = 3803AE7519CCEF730088623B /* Project object */;
}
