// !$*UTF8*$!
{
	archiveVersion = 1;
	classes = {
	};
	objectVersion = 46;
	objects = {

/* Begin PBXBuildFile section */
		3803AE8319CCEF730088623B /* main.m in Sources */ = {isa = PBXBuildFile; fileRef = 3803AE8219CCEF730088623B /* main.m */; };
		3803AE8619CCEF730088623B /* AppDelegate.m in Sources */ = {isa = PBXBuildFile; fileRef = 3803AE8519CCEF730088623B /* AppDelegate.m */; };
		3803AE8E19CCEF730088623B /* Images.xcassets in Resources */ = {isa = PBXBuildFile; fileRef = 3803AE8D19CCEF730088623B /* Images.xcassets */; };
		3803AE9119CCEF730088623B /* LaunchScreen.xib in Resources */ = {isa = PBXBuildFile; fileRef = 3803AE8F19CCEF730088623B /* LaunchScreen.xib */; };
		3803AE9D19CCEF730088623B /* ScorerTests.m in Sources */ = {isa = PBXBuildFile; fileRef = 3803AE9C19CCEF730088623B /* ScorerTests.m */; };
		3803AEA919CCFEDD0088623B /* PlayerScoreCard.m in Sources */ = {isa = PBXBuildFile; fileRef = 3803AEA719CCFEDD0088623B /* PlayerScoreCard.m */; };
		3803AEAA19CCFEDD0088623B /* PlayerScoreCard.xib in Resources */ = {isa = PBXBuildFile; fileRef = 3803AEA819CCFEDD0088623B /* PlayerScoreCard.xib */; };
		3803AEB319CD068A0088623B /* PlayerTurnTableViewCell.m in Sources */ = {isa = PBXBuildFile; fileRef = 3803AEB119CD068A0088623B /* PlayerTurnTableViewCell.m */; };
		3803AEB419CD068A0088623B /* PlayerTurnTableViewCell.xib in Resources */ = {isa = PBXBuildFile; fileRef = 3803AEB219CD068A0088623B /* PlayerTurnTableViewCell.xib */; };
		38CAD46F19D4DB1D000F4F26 /* CreatePlayerViewController.m in Sources */ = {isa = PBXBuildFile; fileRef = 38CAD46D19D4DB1D000F4F26 /* CreatePlayerViewController.m */; };
		38CAD47019D4DB1D000F4F26 /* CreatePlayerViewController.xib in Resources */ = {isa = PBXBuildFile; fileRef = 38CAD46E19D4DB1D000F4F26 /* CreatePlayerViewController.xib */; };
		38CAD47C19D4E25C000F4F26 /* Scorer.xcdatamodel in Sources */ = {isa = PBXBuildFile; fileRef = 38CAD47B19D4E25C000F4F26 /* Scorer.xcdatamodel */; };
		38CAD47F19D4E28F000F4F26 /* Game.m in Sources */ = {isa = PBXBuildFile; fileRef = 38CAD47E19D4E28F000F4F26 /* Game.m */; };
		38CAD48219D4E290000F4F26 /* Turn.m in Sources */ = {isa = PBXBuildFile; fileRef = 38CAD48119D4E290000F4F26 /* Turn.m */; };
		38CAD48519D4E290000F4F26 /* Player.m in Sources */ = {isa = PBXBuildFile; fileRef = 38CAD48419D4E290000F4F26 /* Player.m */; };
		38CAD4C219D4E89F000F4F26 /* MagicalImportFunctions.m in Sources */ = {isa = PBXBuildFile; fileRef = 38CAD48A19D4E89F000F4F26 /* MagicalImportFunctions.m */; };
		38CAD4C319D4E89F000F4F26 /* NSAttributeDescription+MagicalDataImport.m in Sources */ = {isa = PBXBuildFile; fileRef = 38CAD48C19D4E89F000F4F26 /* NSAttributeDescription+MagicalDataImport.m */; };
		38CAD4C419D4E89F000F4F26 /* NSEntityDescription+MagicalDataImport.m in Sources */ = {isa = PBXBuildFile; fileRef = 38CAD48E19D4E89F000F4F26 /* NSEntityDescription+MagicalDataImport.m */; };
		38CAD4C519D4E89F000F4F26 /* NSNumber+MagicalDataImport.m in Sources */ = {isa = PBXBuildFile; fileRef = 38CAD49019D4E89F000F4F26 /* NSNumber+MagicalDataImport.m */; };
		38CAD4C619D4E89F000F4F26 /* NSObject+MagicalDataImport.m in Sources */ = {isa = PBXBuildFile; fileRef = 38CAD49219D4E89F000F4F26 /* NSObject+MagicalDataImport.m */; };
		38CAD4C719D4E89F000F4F26 /* NSRelationshipDescription+MagicalDataImport.m in Sources */ = {isa = PBXBuildFile; fileRef = 38CAD49419D4E89F000F4F26 /* NSRelationshipDescription+MagicalDataImport.m */; };
		38CAD4C819D4E89F000F4F26 /* NSString+MagicalDataImport.m in Sources */ = {isa = PBXBuildFile; fileRef = 38CAD49619D4E89F000F4F26 /* NSString+MagicalDataImport.m */; };
		38CAD4C919D4E89F000F4F26 /* NSManagedObject+MagicalAggregation.m in Sources */ = {isa = PBXBuildFile; fileRef = 38CAD49919D4E89F000F4F26 /* NSManagedObject+MagicalAggregation.m */; };
		38CAD4CA19D4E89F000F4F26 /* NSManagedObject+MagicalDataImport.m in Sources */ = {isa = PBXBuildFile; fileRef = 38CAD49B19D4E89F000F4F26 /* NSManagedObject+MagicalDataImport.m */; };
		38CAD4CB19D4E89F000F4F26 /* NSManagedObject+MagicalFinders.m in Sources */ = {isa = PBXBuildFile; fileRef = 38CAD49D19D4E89F000F4F26 /* NSManagedObject+MagicalFinders.m */; };
		38CAD4CC19D4E89F000F4F26 /* NSManagedObject+MagicalRecord.m in Sources */ = {isa = PBXBuildFile; fileRef = 38CAD49F19D4E89F000F4F26 /* NSManagedObject+MagicalRecord.m */; };
		38CAD4CD19D4E89F000F4F26 /* NSManagedObject+MagicalRequests.m in Sources */ = {isa = PBXBuildFile; fileRef = 38CAD4A119D4E89F000F4F26 /* NSManagedObject+MagicalRequests.m */; };
		38CAD4CE19D4E89F000F4F26 /* NSManagedObjectContext+MagicalObserving.m in Sources */ = {isa = PBXBuildFile; fileRef = 38CAD4A419D4E89F000F4F26 /* NSManagedObjectContext+MagicalObserving.m */; };
		38CAD4CF19D4E89F000F4F26 /* NSManagedObjectContext+MagicalRecord.m in Sources */ = {isa = PBXBuildFile; fileRef = 38CAD4A619D4E89F000F4F26 /* NSManagedObjectContext+MagicalRecord.m */; };
		38CAD4D019D4E89F000F4F26 /* NSManagedObjectContext+MagicalSaves.m in Sources */ = {isa = PBXBuildFile; fileRef = 38CAD4A819D4E89F000F4F26 /* NSManagedObjectContext+MagicalSaves.m */; };
		38CAD4D119D4E89F000F4F26 /* NSManagedObjectContext+MagicalThreading.m in Sources */ = {isa = PBXBuildFile; fileRef = 38CAD4AA19D4E89F000F4F26 /* NSManagedObjectContext+MagicalThreading.m */; };
		38CAD4D219D4E89F000F4F26 /* NSManagedObjectModel+MagicalRecord.m in Sources */ = {isa = PBXBuildFile; fileRef = 38CAD4AC19D4E89F000F4F26 /* NSManagedObjectModel+MagicalRecord.m */; };
		38CAD4D319D4E89F000F4F26 /* NSPersistentStore+MagicalRecord.m in Sources */ = {isa = PBXBuildFile; fileRef = 38CAD4AE19D4E89F000F4F26 /* NSPersistentStore+MagicalRecord.m */; };
		38CAD4D419D4E89F000F4F26 /* NSPersistentStoreCoordinator+MagicalRecord.m in Sources */ = {isa = PBXBuildFile; fileRef = 38CAD4B019D4E89F000F4F26 /* NSPersistentStoreCoordinator+MagicalRecord.m */; };
		38CAD4D519D4E89F000F4F26 /* MagicalRecord+Actions.m in Sources */ = {isa = PBXBuildFile; fileRef = 38CAD4B319D4E89F000F4F26 /* MagicalRecord+Actions.m */; };
		38CAD4D619D4E89F000F4F26 /* MagicalRecord+ErrorHandling.m in Sources */ = {isa = PBXBuildFile; fileRef = 38CAD4B519D4E89F000F4F26 /* MagicalRecord+ErrorHandling.m */; };
		38CAD4D719D4E89F000F4F26 /* MagicalRecord+iCloud.m in Sources */ = {isa = PBXBuildFile; fileRef = 38CAD4B719D4E89F000F4F26 /* MagicalRecord+iCloud.m */; };
		38CAD4D819D4E89F000F4F26 /* MagicalRecord+Options.m in Sources */ = {isa = PBXBuildFile; fileRef = 38CAD4B919D4E89F000F4F26 /* MagicalRecord+Options.m */; };
		38CAD4D919D4E89F000F4F26 /* MagicalRecord+Setup.m in Sources */ = {isa = PBXBuildFile; fileRef = 38CAD4BB19D4E89F000F4F26 /* MagicalRecord+Setup.m */; };
		38CAD4DA19D4E89F000F4F26 /* MagicalRecord+ShorthandSupport.m in Sources */ = {isa = PBXBuildFile; fileRef = 38CAD4BD19D4E89F000F4F26 /* MagicalRecord+ShorthandSupport.m */; };
		38CAD4DB19D4E89F000F4F26 /* MagicalRecord.m in Sources */ = {isa = PBXBuildFile; fileRef = 38CAD4BF19D4E89F000F4F26 /* MagicalRecord.m */; };
		38D71C1A19D4EDC800D880D1 /* PlayersViewController.m in Sources */ = {isa = PBXBuildFile; fileRef = 38D71C1819D4EDC800D880D1 /* PlayersViewController.m */; };
		38D71C1B19D4EDC800D880D1 /* PlayersViewController.xib in Resources */ = {isa = PBXBuildFile; fileRef = 38D71C1919D4EDC800D880D1 /* PlayersViewController.xib */; };
		38D71C5E19D54F0400D880D1 /* Constants.m in Sources */ = {isa = PBXBuildFile; fileRef = 38D71C5D19D54F0400D880D1 /* Constants.m */; };
		38ED356B19CD498000D6FEBF /* TurnAmountViewController.m in Sources */ = {isa = PBXBuildFile; fileRef = 38ED356919CD498000D6FEBF /* TurnAmountViewController.m */; };
		38ED356C19CD498000D6FEBF /* TurnAmountViewController.xib in Resources */ = {isa = PBXBuildFile; fileRef = 38ED356A19CD498000D6FEBF /* TurnAmountViewController.xib */; };
		38ED357419CD5E6800D6FEBF /* UIViewController+MaryPopin.m in Sources */ = {isa = PBXBuildFile; fileRef = 38ED357319CD5E6800D6FEBF /* UIViewController+MaryPopin.m */; };
		38ED357819CD9AFB00D6FEBF /* GameScoreViewController.m in Sources */ = {isa = PBXBuildFile; fileRef = 38ED357619CD9AFB00D6FEBF /* GameScoreViewController.m */; };
		38ED357919CD9AFB00D6FEBF /* GameScoreViewController.xib in Resources */ = {isa = PBXBuildFile; fileRef = 38ED357719CD9AFB00D6FEBF /* GameScoreViewController.xib */; };
/* End PBXBuildFile section */

/* Begin PBXContainerItemProxy section */
		3803AE9719CCEF730088623B /* PBXContainerItemProxy */ = {
			isa = PBXContainerItemProxy;
			containerPortal = 3803AE7519CCEF730088623B /* Project object */;
			proxyType = 1;
			remoteGlobalIDString = 3803AE7C19CCEF730088623B;
			remoteInfo = Scorer;
		};
/* End PBXContainerItemProxy section */

/* Begin PBXFileReference section */
		3803AE7D19CCEF730088623B /* Scorer.app */ = {isa = PBXFileReference; explicitFileType = wrapper.application; includeInIndex = 0; path = Scorer.app; sourceTree = BUILT_PRODUCTS_DIR; };
		3803AE8119CCEF730088623B /* Info.plist */ = {isa = PBXFileReference; lastKnownFileType = text.plist.xml; path = Info.plist; sourceTree = "<group>"; };
		3803AE8219CCEF730088623B /* main.m */ = {isa = PBXFileReference; lastKnownFileType = sourcecode.c.objc; path = main.m; sourceTree = "<group>"; };
		3803AE8419CCEF730088623B /* AppDelegate.h */ = {isa = PBXFileReference; lastKnownFileType = sourcecode.c.h; path = AppDelegate.h; sourceTree = "<group>"; };
		3803AE8519CCEF730088623B /* AppDelegate.m */ = {isa = PBXFileReference; lastKnownFileType = sourcecode.c.objc; path = AppDelegate.m; sourceTree = "<group>"; };
		3803AE8D19CCEF730088623B /* Images.xcassets */ = {isa = PBXFileReference; lastKnownFileType = folder.assetcatalog; path = Images.xcassets; sourceTree = "<group>"; };
		3803AE9019CCEF730088623B /* Base */ = {isa = PBXFileReference; lastKnownFileType = file.xib; name = Base; path = Base.lproj/LaunchScreen.xib; sourceTree = "<group>"; };
		3803AE9619CCEF730088623B /* ScorerTests.xctest */ = {isa = PBXFileReference; explicitFileType = wrapper.cfbundle; includeInIndex = 0; path = ScorerTests.xctest; sourceTree = BUILT_PRODUCTS_DIR; };
		3803AE9B19CCEF730088623B /* Info.plist */ = {isa = PBXFileReference; lastKnownFileType = text.plist.xml; path = Info.plist; sourceTree = "<group>"; };
		3803AE9C19CCEF730088623B /* ScorerTests.m */ = {isa = PBXFileReference; lastKnownFileType = sourcecode.c.objc; path = ScorerTests.m; sourceTree = "<group>"; };
		3803AEA619CCFEDD0088623B /* PlayerScoreCard.h */ = {isa = PBXFileReference; fileEncoding = 4; lastKnownFileType = sourcecode.c.h; path = PlayerScoreCard.h; sourceTree = "<group>"; };
		3803AEA719CCFEDD0088623B /* PlayerScoreCard.m */ = {isa = PBXFileReference; fileEncoding = 4; lastKnownFileType = sourcecode.c.objc; path = PlayerScoreCard.m; sourceTree = "<group>"; };
		3803AEA819CCFEDD0088623B /* PlayerScoreCard.xib */ = {isa = PBXFileReference; fileEncoding = 4; lastKnownFileType = file.xib; path = PlayerScoreCard.xib; sourceTree = "<group>"; };
		3803AEB019CD068A0088623B /* PlayerTurnTableViewCell.h */ = {isa = PBXFileReference; fileEncoding = 4; lastKnownFileType = sourcecode.c.h; path = PlayerTurnTableViewCell.h; sourceTree = "<group>"; };
		3803AEB119CD068A0088623B /* PlayerTurnTableViewCell.m */ = {isa = PBXFileReference; fileEncoding = 4; lastKnownFileType = sourcecode.c.objc; path = PlayerTurnTableViewCell.m; sourceTree = "<group>"; };
		3803AEB219CD068A0088623B /* PlayerTurnTableViewCell.xib */ = {isa = PBXFileReference; fileEncoding = 4; lastKnownFileType = file.xib; path = PlayerTurnTableViewCell.xib; sourceTree = "<group>"; };
		380F3A5F19D1015100295B2A /* Scorer-Prefix.pch */ = {isa = PBXFileReference; lastKnownFileType = sourcecode.c.h; path = "Scorer-Prefix.pch"; sourceTree = "<group>"; };
		38CAD46C19D4DB1D000F4F26 /* CreatePlayerViewController.h */ = {isa = PBXFileReference; fileEncoding = 4; lastKnownFileType = sourcecode.c.h; path = CreatePlayerViewController.h; sourceTree = "<group>"; };
		38CAD46D19D4DB1D000F4F26 /* CreatePlayerViewController.m */ = {isa = PBXFileReference; fileEncoding = 4; lastKnownFileType = sourcecode.c.objc; path = CreatePlayerViewController.m; sourceTree = "<group>"; };
		38CAD46E19D4DB1D000F4F26 /* CreatePlayerViewController.xib */ = {isa = PBXFileReference; fileEncoding = 4; lastKnownFileType = file.xib; path = CreatePlayerViewController.xib; sourceTree = "<group>"; };
		38CAD47B19D4E25C000F4F26 /* Scorer.xcdatamodel */ = {isa = PBXFileReference; lastKnownFileType = wrapper.xcdatamodel; path = Scorer.xcdatamodel; sourceTree = "<group>"; };
		38CAD47D19D4E28F000F4F26 /* Game.h */ = {isa = PBXFileReference; fileEncoding = 4; lastKnownFileType = sourcecode.c.h; path = Game.h; sourceTree = "<group>"; };
		38CAD47E19D4E28F000F4F26 /* Game.m */ = {isa = PBXFileReference; fileEncoding = 4; lastKnownFileType = sourcecode.c.objc; path = Game.m; sourceTree = "<group>"; };
		38CAD48019D4E290000F4F26 /* Turn.h */ = {isa = PBXFileReference; fileEncoding = 4; lastKnownFileType = sourcecode.c.h; path = Turn.h; sourceTree = "<group>"; };
		38CAD48119D4E290000F4F26 /* Turn.m */ = {isa = PBXFileReference; fileEncoding = 4; lastKnownFileType = sourcecode.c.objc; path = Turn.m; sourceTree = "<group>"; };
		38CAD48319D4E290000F4F26 /* Player.h */ = {isa = PBXFileReference; fileEncoding = 4; lastKnownFileType = sourcecode.c.h; path = Player.h; sourceTree = "<group>"; };
		38CAD48419D4E290000F4F26 /* Player.m */ = {isa = PBXFileReference; fileEncoding = 4; lastKnownFileType = sourcecode.c.objc; path = Player.m; sourceTree = "<group>"; };
		38CAD48919D4E89F000F4F26 /* MagicalImportFunctions.h */ = {isa = PBXFileReference; fileEncoding = 4; lastKnownFileType = sourcecode.c.h; path = MagicalImportFunctions.h; sourceTree = "<group>"; };
		38CAD48A19D4E89F000F4F26 /* MagicalImportFunctions.m */ = {isa = PBXFileReference; fileEncoding = 4; lastKnownFileType = sourcecode.c.objc; path = MagicalImportFunctions.m; sourceTree = "<group>"; };
		38CAD48B19D4E89F000F4F26 /* NSAttributeDescription+MagicalDataImport.h */ = {isa = PBXFileReference; fileEncoding = 4; lastKnownFileType = sourcecode.c.h; path = "NSAttributeDescription+MagicalDataImport.h"; sourceTree = "<group>"; };
		38CAD48C19D4E89F000F4F26 /* NSAttributeDescription+MagicalDataImport.m */ = {isa = PBXFileReference; fileEncoding = 4; lastKnownFileType = sourcecode.c.objc; path = "NSAttributeDescription+MagicalDataImport.m"; sourceTree = "<group>"; };
		38CAD48D19D4E89F000F4F26 /* NSEntityDescription+MagicalDataImport.h */ = {isa = PBXFileReference; fileEncoding = 4; lastKnownFileType = sourcecode.c.h; path = "NSEntityDescription+MagicalDataImport.h"; sourceTree = "<group>"; };
		38CAD48E19D4E89F000F4F26 /* NSEntityDescription+MagicalDataImport.m */ = {isa = PBXFileReference; fileEncoding = 4; lastKnownFileType = sourcecode.c.objc; path = "NSEntityDescription+MagicalDataImport.m"; sourceTree = "<group>"; };
		38CAD48F19D4E89F000F4F26 /* NSNumber+MagicalDataImport.h */ = {isa = PBXFileReference; fileEncoding = 4; lastKnownFileType = sourcecode.c.h; path = "NSNumber+MagicalDataImport.h"; sourceTree = "<group>"; };
		38CAD49019D4E89F000F4F26 /* NSNumber+MagicalDataImport.m */ = {isa = PBXFileReference; fileEncoding = 4; lastKnownFileType = sourcecode.c.objc; path = "NSNumber+MagicalDataImport.m"; sourceTree = "<group>"; };
		38CAD49119D4E89F000F4F26 /* NSObject+MagicalDataImport.h */ = {isa = PBXFileReference; fileEncoding = 4; lastKnownFileType = sourcecode.c.h; path = "NSObject+MagicalDataImport.h"; sourceTree = "<group>"; };
		38CAD49219D4E89F000F4F26 /* NSObject+MagicalDataImport.m */ = {isa = PBXFileReference; fileEncoding = 4; lastKnownFileType = sourcecode.c.objc; path = "NSObject+MagicalDataImport.m"; sourceTree = "<group>"; };
		38CAD49319D4E89F000F4F26 /* NSRelationshipDescription+MagicalDataImport.h */ = {isa = PBXFileReference; fileEncoding = 4; lastKnownFileType = sourcecode.c.h; path = "NSRelationshipDescription+MagicalDataImport.h"; sourceTree = "<group>"; };
		38CAD49419D4E89F000F4F26 /* NSRelationshipDescription+MagicalDataImport.m */ = {isa = PBXFileReference; fileEncoding = 4; lastKnownFileType = sourcecode.c.objc; path = "NSRelationshipDescription+MagicalDataImport.m"; sourceTree = "<group>"; };
		38CAD49519D4E89F000F4F26 /* NSString+MagicalDataImport.h */ = {isa = PBXFileReference; fileEncoding = 4; lastKnownFileType = sourcecode.c.h; path = "NSString+MagicalDataImport.h"; sourceTree = "<group>"; };
		38CAD49619D4E89F000F4F26 /* NSString+MagicalDataImport.m */ = {isa = PBXFileReference; fileEncoding = 4; lastKnownFileType = sourcecode.c.objc; path = "NSString+MagicalDataImport.m"; sourceTree = "<group>"; };
		38CAD49819D4E89F000F4F26 /* NSManagedObject+MagicalAggregation.h */ = {isa = PBXFileReference; fileEncoding = 4; lastKnownFileType = sourcecode.c.h; path = "NSManagedObject+MagicalAggregation.h"; sourceTree = "<group>"; };
		38CAD49919D4E89F000F4F26 /* NSManagedObject+MagicalAggregation.m */ = {isa = PBXFileReference; fileEncoding = 4; lastKnownFileType = sourcecode.c.objc; path = "NSManagedObject+MagicalAggregation.m"; sourceTree = "<group>"; };
		38CAD49A19D4E89F000F4F26 /* NSManagedObject+MagicalDataImport.h */ = {isa = PBXFileReference; fileEncoding = 4; lastKnownFileType = sourcecode.c.h; path = "NSManagedObject+MagicalDataImport.h"; sourceTree = "<group>"; };
		38CAD49B19D4E89F000F4F26 /* NSManagedObject+MagicalDataImport.m */ = {isa = PBXFileReference; fileEncoding = 4; lastKnownFileType = sourcecode.c.objc; path = "NSManagedObject+MagicalDataImport.m"; sourceTree = "<group>"; };
		38CAD49C19D4E89F000F4F26 /* NSManagedObject+MagicalFinders.h */ = {isa = PBXFileReference; fileEncoding = 4; lastKnownFileType = sourcecode.c.h; path = "NSManagedObject+MagicalFinders.h"; sourceTree = "<group>"; };
		38CAD49D19D4E89F000F4F26 /* NSManagedObject+MagicalFinders.m */ = {isa = PBXFileReference; fileEncoding = 4; lastKnownFileType = sourcecode.c.objc; path = "NSManagedObject+MagicalFinders.m"; sourceTree = "<group>"; };
		38CAD49E19D4E89F000F4F26 /* NSManagedObject+MagicalRecord.h */ = {isa = PBXFileReference; fileEncoding = 4; lastKnownFileType = sourcecode.c.h; path = "NSManagedObject+MagicalRecord.h"; sourceTree = "<group>"; };
		38CAD49F19D4E89F000F4F26 /* NSManagedObject+MagicalRecord.m */ = {isa = PBXFileReference; fileEncoding = 4; lastKnownFileType = sourcecode.c.objc; path = "NSManagedObject+MagicalRecord.m"; sourceTree = "<group>"; };
		38CAD4A019D4E89F000F4F26 /* NSManagedObject+MagicalRequests.h */ = {isa = PBXFileReference; fileEncoding = 4; lastKnownFileType = sourcecode.c.h; path = "NSManagedObject+MagicalRequests.h"; sourceTree = "<group>"; };
		38CAD4A119D4E89F000F4F26 /* NSManagedObject+MagicalRequests.m */ = {isa = PBXFileReference; fileEncoding = 4; lastKnownFileType = sourcecode.c.objc; path = "NSManagedObject+MagicalRequests.m"; sourceTree = "<group>"; };
		38CAD4A319D4E89F000F4F26 /* NSManagedObjectContext+MagicalObserving.h */ = {isa = PBXFileReference; fileEncoding = 4; lastKnownFileType = sourcecode.c.h; path = "NSManagedObjectContext+MagicalObserving.h"; sourceTree = "<group>"; };
		38CAD4A419D4E89F000F4F26 /* NSManagedObjectContext+MagicalObserving.m */ = {isa = PBXFileReference; fileEncoding = 4; lastKnownFileType = sourcecode.c.objc; path = "NSManagedObjectContext+MagicalObserving.m"; sourceTree = "<group>"; };
		38CAD4A519D4E89F000F4F26 /* NSManagedObjectContext+MagicalRecord.h */ = {isa = PBXFileReference; fileEncoding = 4; lastKnownFileType = sourcecode.c.h; path = "NSManagedObjectContext+MagicalRecord.h"; sourceTree = "<group>"; };
		38CAD4A619D4E89F000F4F26 /* NSManagedObjectContext+MagicalRecord.m */ = {isa = PBXFileReference; fileEncoding = 4; lastKnownFileType = sourcecode.c.objc; path = "NSManagedObjectContext+MagicalRecord.m"; sourceTree = "<group>"; };
		38CAD4A719D4E89F000F4F26 /* NSManagedObjectContext+MagicalSaves.h */ = {isa = PBXFileReference; fileEncoding = 4; lastKnownFileType = sourcecode.c.h; path = "NSManagedObjectContext+MagicalSaves.h"; sourceTree = "<group>"; };
		38CAD4A819D4E89F000F4F26 /* NSManagedObjectContext+MagicalSaves.m */ = {isa = PBXFileReference; fileEncoding = 4; lastKnownFileType = sourcecode.c.objc; path = "NSManagedObjectContext+MagicalSaves.m"; sourceTree = "<group>"; };
		38CAD4A919D4E89F000F4F26 /* NSManagedObjectContext+MagicalThreading.h */ = {isa = PBXFileReference; fileEncoding = 4; lastKnownFileType = sourcecode.c.h; path = "NSManagedObjectContext+MagicalThreading.h"; sourceTree = "<group>"; };
		38CAD4AA19D4E89F000F4F26 /* NSManagedObjectContext+MagicalThreading.m */ = {isa = PBXFileReference; fileEncoding = 4; lastKnownFileType = sourcecode.c.objc; path = "NSManagedObjectContext+MagicalThreading.m"; sourceTree = "<group>"; };
		38CAD4AB19D4E89F000F4F26 /* NSManagedObjectModel+MagicalRecord.h */ = {isa = PBXFileReference; fileEncoding = 4; lastKnownFileType = sourcecode.c.h; path = "NSManagedObjectModel+MagicalRecord.h"; sourceTree = "<group>"; };
		38CAD4AC19D4E89F000F4F26 /* NSManagedObjectModel+MagicalRecord.m */ = {isa = PBXFileReference; fileEncoding = 4; lastKnownFileType = sourcecode.c.objc; path = "NSManagedObjectModel+MagicalRecord.m"; sourceTree = "<group>"; };
		38CAD4AD19D4E89F000F4F26 /* NSPersistentStore+MagicalRecord.h */ = {isa = PBXFileReference; fileEncoding = 4; lastKnownFileType = sourcecode.c.h; path = "NSPersistentStore+MagicalRecord.h"; sourceTree = "<group>"; };
		38CAD4AE19D4E89F000F4F26 /* NSPersistentStore+MagicalRecord.m */ = {isa = PBXFileReference; fileEncoding = 4; lastKnownFileType = sourcecode.c.objc; path = "NSPersistentStore+MagicalRecord.m"; sourceTree = "<group>"; };
		38CAD4AF19D4E89F000F4F26 /* NSPersistentStoreCoordinator+MagicalRecord.h */ = {isa = PBXFileReference; fileEncoding = 4; lastKnownFileType = sourcecode.c.h; path = "NSPersistentStoreCoordinator+MagicalRecord.h"; sourceTree = "<group>"; };
		38CAD4B019D4E89F000F4F26 /* NSPersistentStoreCoordinator+MagicalRecord.m */ = {isa = PBXFileReference; fileEncoding = 4; lastKnownFileType = sourcecode.c.objc; path = "NSPersistentStoreCoordinator+MagicalRecord.m"; sourceTree = "<group>"; };
		38CAD4B219D4E89F000F4F26 /* MagicalRecord+Actions.h */ = {isa = PBXFileReference; fileEncoding = 4; lastKnownFileType = sourcecode.c.h; path = "MagicalRecord+Actions.h"; sourceTree = "<group>"; };
		38CAD4B319D4E89F000F4F26 /* MagicalRecord+Actions.m */ = {isa = PBXFileReference; fileEncoding = 4; lastKnownFileType = sourcecode.c.objc; path = "MagicalRecord+Actions.m"; sourceTree = "<group>"; };
		38CAD4B419D4E89F000F4F26 /* MagicalRecord+ErrorHandling.h */ = {isa = PBXFileReference; fileEncoding = 4; lastKnownFileType = sourcecode.c.h; path = "MagicalRecord+ErrorHandling.h"; sourceTree = "<group>"; };
		38CAD4B519D4E89F000F4F26 /* MagicalRecord+ErrorHandling.m */ = {isa = PBXFileReference; fileEncoding = 4; lastKnownFileType = sourcecode.c.objc; path = "MagicalRecord+ErrorHandling.m"; sourceTree = "<group>"; };
		38CAD4B619D4E89F000F4F26 /* MagicalRecord+iCloud.h */ = {isa = PBXFileReference; fileEncoding = 4; lastKnownFileType = sourcecode.c.h; path = "MagicalRecord+iCloud.h"; sourceTree = "<group>"; };
		38CAD4B719D4E89F000F4F26 /* MagicalRecord+iCloud.m */ = {isa = PBXFileReference; fileEncoding = 4; lastKnownFileType = sourcecode.c.objc; path = "MagicalRecord+iCloud.m"; sourceTree = "<group>"; };
		38CAD4B819D4E89F000F4F26 /* MagicalRecord+Options.h */ = {isa = PBXFileReference; fileEncoding = 4; lastKnownFileType = sourcecode.c.h; path = "MagicalRecord+Options.h"; sourceTree = "<group>"; };
		38CAD4B919D4E89F000F4F26 /* MagicalRecord+Options.m */ = {isa = PBXFileReference; fileEncoding = 4; lastKnownFileType = sourcecode.c.objc; path = "MagicalRecord+Options.m"; sourceTree = "<group>"; };
		38CAD4BA19D4E89F000F4F26 /* MagicalRecord+Setup.h */ = {isa = PBXFileReference; fileEncoding = 4; lastKnownFileType = sourcecode.c.h; path = "MagicalRecord+Setup.h"; sourceTree = "<group>"; };
		38CAD4BB19D4E89F000F4F26 /* MagicalRecord+Setup.m */ = {isa = PBXFileReference; fileEncoding = 4; lastKnownFileType = sourcecode.c.objc; path = "MagicalRecord+Setup.m"; sourceTree = "<group>"; };
		38CAD4BC19D4E89F000F4F26 /* MagicalRecord+ShorthandSupport.h */ = {isa = PBXFileReference; fileEncoding = 4; lastKnownFileType = sourcecode.c.h; path = "MagicalRecord+ShorthandSupport.h"; sourceTree = "<group>"; };
		38CAD4BD19D4E89F000F4F26 /* MagicalRecord+ShorthandSupport.m */ = {isa = PBXFileReference; fileEncoding = 4; lastKnownFileType = sourcecode.c.objc; path = "MagicalRecord+ShorthandSupport.m"; sourceTree = "<group>"; };
		38CAD4BE19D4E89F000F4F26 /* MagicalRecord.h */ = {isa = PBXFileReference; fileEncoding = 4; lastKnownFileType = sourcecode.c.h; path = MagicalRecord.h; sourceTree = "<group>"; };
		38CAD4BF19D4E89F000F4F26 /* MagicalRecord.m */ = {isa = PBXFileReference; fileEncoding = 4; lastKnownFileType = sourcecode.c.objc; path = MagicalRecord.m; sourceTree = "<group>"; };
		38CAD4C019D4E89F000F4F26 /* MagicalRecordShorthand.h */ = {isa = PBXFileReference; fileEncoding = 4; lastKnownFileType = sourcecode.c.h; path = MagicalRecordShorthand.h; sourceTree = "<group>"; };
		38CAD4C119D4E89F000F4F26 /* CoreData+MagicalRecord.h */ = {isa = PBXFileReference; fileEncoding = 4; lastKnownFileType = sourcecode.c.h; path = "CoreData+MagicalRecord.h"; sourceTree = "<group>"; };
		38D71C1719D4EDC800D880D1 /* PlayersViewController.h */ = {isa = PBXFileReference; fileEncoding = 4; lastKnownFileType = sourcecode.c.h; path = PlayersViewController.h; sourceTree = "<group>"; };
		38D71C1819D4EDC800D880D1 /* PlayersViewController.m */ = {isa = PBXFileReference; fileEncoding = 4; lastKnownFileType = sourcecode.c.objc; path = PlayersViewController.m; sourceTree = "<group>"; };
		38D71C1919D4EDC800D880D1 /* PlayersViewController.xib */ = {isa = PBXFileReference; fileEncoding = 4; lastKnownFileType = file.xib; path = PlayersViewController.xib; sourceTree = "<group>"; };
		38D71C5C19D54F0400D880D1 /* Constants.h */ = {isa = PBXFileReference; fileEncoding = 4; lastKnownFileType = sourcecode.c.h; path = Constants.h; sourceTree = "<group>"; };
		38D71C5D19D54F0400D880D1 /* Constants.m */ = {isa = PBXFileReference; fileEncoding = 4; lastKnownFileType = sourcecode.c.objc; path = Constants.m; sourceTree = "<group>"; };
		38ED356819CD498000D6FEBF /* TurnAmountViewController.h */ = {isa = PBXFileReference; fileEncoding = 4; lastKnownFileType = sourcecode.c.h; path = TurnAmountViewController.h; sourceTree = "<group>"; };
		38ED356919CD498000D6FEBF /* TurnAmountViewController.m */ = {isa = PBXFileReference; fileEncoding = 4; lastKnownFileType = sourcecode.c.objc; path = TurnAmountViewController.m; sourceTree = "<group>"; };
		38ED356A19CD498000D6FEBF /* TurnAmountViewController.xib */ = {isa = PBXFileReference; fileEncoding = 4; lastKnownFileType = file.xib; path = TurnAmountViewController.xib; sourceTree = "<group>"; };
		38ED357219CD5E6800D6FEBF /* UIViewController+MaryPopin.h */ = {isa = PBXFileReference; fileEncoding = 4; lastKnownFileType = sourcecode.c.h; path = "UIViewController+MaryPopin.h"; sourceTree = "<group>"; };
		38ED357319CD5E6800D6FEBF /* UIViewController+MaryPopin.m */ = {isa = PBXFileReference; fileEncoding = 4; lastKnownFileType = sourcecode.c.objc; path = "UIViewController+MaryPopin.m"; sourceTree = "<group>"; };
		38ED357519CD9AFB00D6FEBF /* GameScoreViewController.h */ = {isa = PBXFileReference; fileEncoding = 4; lastKnownFileType = sourcecode.c.h; path = GameScoreViewController.h; sourceTree = "<group>"; };
		38ED357619CD9AFB00D6FEBF /* GameScoreViewController.m */ = {isa = PBXFileReference; fileEncoding = 4; lastKnownFileType = sourcecode.c.objc; path = GameScoreViewController.m; sourceTree = "<group>"; };
		38ED357719CD9AFB00D6FEBF /* GameScoreViewController.xib */ = {isa = PBXFileReference; fileEncoding = 4; lastKnownFileType = file.xib; path = GameScoreViewController.xib; sourceTree = "<group>"; };
/* End PBXFileReference section */

/* Begin PBXFrameworksBuildPhase section */
		3803AE7A19CCEF730088623B /* Frameworks */ = {
			isa = PBXFrameworksBuildPhase;
			buildActionMask = 2147483647;
			files = (
			);
			runOnlyForDeploymentPostprocessing = 0;
		};
		3803AE9319CCEF730088623B /* Frameworks */ = {
			isa = PBXFrameworksBuildPhase;
			buildActionMask = 2147483647;
			files = (
			);
			runOnlyForDeploymentPostprocessing = 0;
		};
/* End PBXFrameworksBuildPhase section */

/* Begin PBXGroup section */
		3803AE7419CCEF730088623B = {
			isa = PBXGroup;
			children = (
				3803AE7F19CCEF730088623B /* Scorer */,
				3803AE9919CCEF730088623B /* ScorerTests */,
				3803AE7E19CCEF730088623B /* Products */,
			);
			sourceTree = "<group>";
		};
		3803AE7E19CCEF730088623B /* Products */ = {
			isa = PBXGroup;
			children = (
				3803AE7D19CCEF730088623B /* Scorer.app */,
				3803AE9619CCEF730088623B /* ScorerTests.xctest */,
			);
			name = Products;
			sourceTree = "<group>";
		};
		3803AE7F19CCEF730088623B /* Scorer */ = {
			isa = PBXGroup;
			children = (
				38CAD48619D4E89F000F4F26 /* MagicalRecord */,
				38CAD47119D4DBA3000F4F26 /* Models */,
				38ED357119CD5E6800D6FEBF /* MaryPopin */,
				3803AE8419CCEF730088623B /* AppDelegate.h */,
				3803AE8519CCEF730088623B /* AppDelegate.m */,
				3803AE8D19CCEF730088623B /* Images.xcassets */,
				3803AE8F19CCEF730088623B /* LaunchScreen.xib */,
				3803AE8019CCEF730088623B /* Supporting Files */,
				3803AEA619CCFEDD0088623B /* PlayerScoreCard.h */,
				3803AEA719CCFEDD0088623B /* PlayerScoreCard.m */,
				3803AEA819CCFEDD0088623B /* PlayerScoreCard.xib */,
				3803AEB019CD068A0088623B /* PlayerTurnTableViewCell.h */,
				3803AEB119CD068A0088623B /* PlayerTurnTableViewCell.m */,
				3803AEB219CD068A0088623B /* PlayerTurnTableViewCell.xib */,
				38ED356819CD498000D6FEBF /* TurnAmountViewController.h */,
				38ED356919CD498000D6FEBF /* TurnAmountViewController.m */,
				38ED356A19CD498000D6FEBF /* TurnAmountViewController.xib */,
				38ED357519CD9AFB00D6FEBF /* GameScoreViewController.h */,
				38ED357619CD9AFB00D6FEBF /* GameScoreViewController.m */,
				38ED357719CD9AFB00D6FEBF /* GameScoreViewController.xib */,
				38CAD46C19D4DB1D000F4F26 /* CreatePlayerViewController.h */,
				38CAD46D19D4DB1D000F4F26 /* CreatePlayerViewController.m */,
				38CAD46E19D4DB1D000F4F26 /* CreatePlayerViewController.xib */,
				38D71C1719D4EDC800D880D1 /* PlayersViewController.h */,
				38D71C1819D4EDC800D880D1 /* PlayersViewController.m */,
				38D71C1919D4EDC800D880D1 /* PlayersViewController.xib */,
				38D71C5C19D54F0400D880D1 /* Constants.h */,
				38D71C5D19D54F0400D880D1 /* Constants.m */,
			);
			path = Scorer;
			sourceTree = "<group>";
		};
		3803AE8019CCEF730088623B /* Supporting Files */ = {
			isa = PBXGroup;
			children = (
				3803AE8119CCEF730088623B /* Info.plist */,
				3803AE8219CCEF730088623B /* main.m */,
				380F3A5F19D1015100295B2A /* Scorer-Prefix.pch */,
			);
			name = "Supporting Files";
			sourceTree = "<group>";
		};
		3803AE9919CCEF730088623B /* ScorerTests */ = {
			isa = PBXGroup;
			children = (
				3803AE9C19CCEF730088623B /* ScorerTests.m */,
				3803AE9A19CCEF730088623B /* Supporting Files */,
			);
			path = ScorerTests;
			sourceTree = "<group>";
		};
		3803AE9A19CCEF730088623B /* Supporting Files */ = {
			isa = PBXGroup;
			children = (
				3803AE9B19CCEF730088623B /* Info.plist */,
			);
			name = "Supporting Files";
			sourceTree = "<group>";
		};
		38CAD47119D4DBA3000F4F26 /* Models */ = {
			isa = PBXGroup;
			children = (
				38CAD47B19D4E25C000F4F26 /* Scorer.xcdatamodel */,
				38CAD48319D4E290000F4F26 /* Player.h */,
				38CAD48419D4E290000F4F26 /* Player.m */,
				38CAD48019D4E290000F4F26 /* Turn.h */,
				38CAD48119D4E290000F4F26 /* Turn.m */,
				38CAD47D19D4E28F000F4F26 /* Game.h */,
				38CAD47E19D4E28F000F4F26 /* Game.m */,
			);
			name = Models;
			sourceTree = "<group>";
		};
		38CAD48619D4E89F000F4F26 /* MagicalRecord */ = {
			isa = PBXGroup;
			children = (
				38CAD48719D4E89F000F4F26 /* Categories */,
				38CAD4B119D4E89F000F4F26 /* Core */,
				38CAD4C119D4E89F000F4F26 /* CoreData+MagicalRecord.h */,
			);
			path = MagicalRecord;
			sourceTree = "<group>";
		};
		38CAD48719D4E89F000F4F26 /* Categories */ = {
			isa = PBXGroup;
			children = (
				38CAD48819D4E89F000F4F26 /* DataImport */,
				38CAD49719D4E89F000F4F26 /* NSManagedObject */,
				38CAD4A219D4E89F000F4F26 /* NSManagedObjectContext */,
				38CAD4AB19D4E89F000F4F26 /* NSManagedObjectModel+MagicalRecord.h */,
				38CAD4AC19D4E89F000F4F26 /* NSManagedObjectModel+MagicalRecord.m */,
				38CAD4AD19D4E89F000F4F26 /* NSPersistentStore+MagicalRecord.h */,
				38CAD4AE19D4E89F000F4F26 /* NSPersistentStore+MagicalRecord.m */,
				38CAD4AF19D4E89F000F4F26 /* NSPersistentStoreCoordinator+MagicalRecord.h */,
				38CAD4B019D4E89F000F4F26 /* NSPersistentStoreCoordinator+MagicalRecord.m */,
			);
			path = Categories;
			sourceTree = "<group>";
		};
		38CAD48819D4E89F000F4F26 /* DataImport */ = {
			isa = PBXGroup;
			children = (
				38CAD48919D4E89F000F4F26 /* MagicalImportFunctions.h */,
				38CAD48A19D4E89F000F4F26 /* MagicalImportFunctions.m */,
				38CAD48B19D4E89F000F4F26 /* NSAttributeDescription+MagicalDataImport.h */,
				38CAD48C19D4E89F000F4F26 /* NSAttributeDescription+MagicalDataImport.m */,
				38CAD48D19D4E89F000F4F26 /* NSEntityDescription+MagicalDataImport.h */,
				38CAD48E19D4E89F000F4F26 /* NSEntityDescription+MagicalDataImport.m */,
				38CAD48F19D4E89F000F4F26 /* NSNumber+MagicalDataImport.h */,
				38CAD49019D4E89F000F4F26 /* NSNumber+MagicalDataImport.m */,
				38CAD49119D4E89F000F4F26 /* NSObject+MagicalDataImport.h */,
				38CAD49219D4E89F000F4F26 /* NSObject+MagicalDataImport.m */,
				38CAD49319D4E89F000F4F26 /* NSRelationshipDescription+MagicalDataImport.h */,
				38CAD49419D4E89F000F4F26 /* NSRelationshipDescription+MagicalDataImport.m */,
				38CAD49519D4E89F000F4F26 /* NSString+MagicalDataImport.h */,
				38CAD49619D4E89F000F4F26 /* NSString+MagicalDataImport.m */,
			);
			path = DataImport;
			sourceTree = "<group>";
		};
		38CAD49719D4E89F000F4F26 /* NSManagedObject */ = {
			isa = PBXGroup;
			children = (
				38CAD49819D4E89F000F4F26 /* NSManagedObject+MagicalAggregation.h */,
				38CAD49919D4E89F000F4F26 /* NSManagedObject+MagicalAggregation.m */,
				38CAD49A19D4E89F000F4F26 /* NSManagedObject+MagicalDataImport.h */,
				38CAD49B19D4E89F000F4F26 /* NSManagedObject+MagicalDataImport.m */,
				38CAD49C19D4E89F000F4F26 /* NSManagedObject+MagicalFinders.h */,
				38CAD49D19D4E89F000F4F26 /* NSManagedObject+MagicalFinders.m */,
				38CAD49E19D4E89F000F4F26 /* NSManagedObject+MagicalRecord.h */,
				38CAD49F19D4E89F000F4F26 /* NSManagedObject+MagicalRecord.m */,
				38CAD4A019D4E89F000F4F26 /* NSManagedObject+MagicalRequests.h */,
				38CAD4A119D4E89F000F4F26 /* NSManagedObject+MagicalRequests.m */,
			);
			path = NSManagedObject;
			sourceTree = "<group>";
		};
		38CAD4A219D4E89F000F4F26 /* NSManagedObjectContext */ = {
			isa = PBXGroup;
			children = (
				38CAD4A319D4E89F000F4F26 /* NSManagedObjectContext+MagicalObserving.h */,
				38CAD4A419D4E89F000F4F26 /* NSManagedObjectContext+MagicalObserving.m */,
				38CAD4A519D4E89F000F4F26 /* NSManagedObjectContext+MagicalRecord.h */,
				38CAD4A619D4E89F000F4F26 /* NSManagedObjectContext+MagicalRecord.m */,
				38CAD4A719D4E89F000F4F26 /* NSManagedObjectContext+MagicalSaves.h */,
				38CAD4A819D4E89F000F4F26 /* NSManagedObjectContext+MagicalSaves.m */,
				38CAD4A919D4E89F000F4F26 /* NSManagedObjectContext+MagicalThreading.h */,
				38CAD4AA19D4E89F000F4F26 /* NSManagedObjectContext+MagicalThreading.m */,
			);
			path = NSManagedObjectContext;
			sourceTree = "<group>";
		};
		38CAD4B119D4E89F000F4F26 /* Core */ = {
			isa = PBXGroup;
			children = (
				38CAD4B219D4E89F000F4F26 /* MagicalRecord+Actions.h */,
				38CAD4B319D4E89F000F4F26 /* MagicalRecord+Actions.m */,
				38CAD4B419D4E89F000F4F26 /* MagicalRecord+ErrorHandling.h */,
				38CAD4B519D4E89F000F4F26 /* MagicalRecord+ErrorHandling.m */,
				38CAD4B619D4E89F000F4F26 /* MagicalRecord+iCloud.h */,
				38CAD4B719D4E89F000F4F26 /* MagicalRecord+iCloud.m */,
				38CAD4B819D4E89F000F4F26 /* MagicalRecord+Options.h */,
				38CAD4B919D4E89F000F4F26 /* MagicalRecord+Options.m */,
				38CAD4BA19D4E89F000F4F26 /* MagicalRecord+Setup.h */,
				38CAD4BB19D4E89F000F4F26 /* MagicalRecord+Setup.m */,
				38CAD4BC19D4E89F000F4F26 /* MagicalRecord+ShorthandSupport.h */,
				38CAD4BD19D4E89F000F4F26 /* MagicalRecord+ShorthandSupport.m */,
				38CAD4BE19D4E89F000F4F26 /* MagicalRecord.h */,
				38CAD4BF19D4E89F000F4F26 /* MagicalRecord.m */,
				38CAD4C019D4E89F000F4F26 /* MagicalRecordShorthand.h */,
			);
			path = Core;
			sourceTree = "<group>";
		};
		38ED357119CD5E6800D6FEBF /* MaryPopin */ = {
			isa = PBXGroup;
			children = (
				38ED357219CD5E6800D6FEBF /* UIViewController+MaryPopin.h */,
				38ED357319CD5E6800D6FEBF /* UIViewController+MaryPopin.m */,
			);
			path = MaryPopin;
			sourceTree = "<group>";
		};
/* End PBXGroup section */

/* Begin PBXNativeTarget section */
		3803AE7C19CCEF730088623B /* Scorer */ = {
			isa = PBXNativeTarget;
			buildConfigurationList = 3803AEA019CCEF730088623B /* Build configuration list for PBXNativeTarget "Scorer" */;
			buildPhases = (
				3803AE7919CCEF730088623B /* Sources */,
				3803AE7A19CCEF730088623B /* Frameworks */,
				3803AE7B19CCEF730088623B /* Resources */,
			);
			buildRules = (
			);
			dependencies = (
			);
			name = Scorer;
			productName = Scorer;
			productReference = 3803AE7D19CCEF730088623B /* Scorer.app */;
			productType = "com.apple.product-type.application";
		};
		3803AE9519CCEF730088623B /* ScorerTests */ = {
			isa = PBXNativeTarget;
			buildConfigurationList = 3803AEA319CCEF730088623B /* Build configuration list for PBXNativeTarget "ScorerTests" */;
			buildPhases = (
				3803AE9219CCEF730088623B /* Sources */,
				3803AE9319CCEF730088623B /* Frameworks */,
				3803AE9419CCEF730088623B /* Resources */,
			);
			buildRules = (
			);
			dependencies = (
				3803AE9819CCEF730088623B /* PBXTargetDependency */,
			);
			name = ScorerTests;
			productName = ScorerTests;
			productReference = 3803AE9619CCEF730088623B /* ScorerTests.xctest */;
			productType = "com.apple.product-type.bundle.unit-test";
		};
/* End PBXNativeTarget section */

/* Begin PBXProject section */
		3803AE7519CCEF730088623B /* Project object */ = {
			isa = PBXProject;
			attributes = {
				LastUpgradeCheck = 0610;
				ORGANIZATIONNAME = "Damian Jardim";
				TargetAttributes = {
					3803AE7C19CCEF730088623B = {
						CreatedOnToolsVersion = 6.1;
					};
					3803AE9519CCEF730088623B = {
						CreatedOnToolsVersion = 6.1;
						TestTargetID = 3803AE7C19CCEF730088623B;
					};
				};
			};
			buildConfigurationList = 3803AE7819CCEF730088623B /* Build configuration list for PBXProject "Scorer" */;
			compatibilityVersion = "Xcode 3.2";
			developmentRegion = English;
			hasScannedForEncodings = 0;
			knownRegions = (
				en,
				Base,
			);
			mainGroup = 3803AE7419CCEF730088623B;
			productRefGroup = 3803AE7E19CCEF730088623B /* Products */;
			projectDirPath = "";
			projectRoot = "";
			targets = (
				3803AE7C19CCEF730088623B /* Scorer */,
				3803AE9519CCEF730088623B /* ScorerTests */,
			);
		};
/* End PBXProject section */

/* Begin PBXResourcesBuildPhase section */
		3803AE7B19CCEF730088623B /* Resources */ = {
			isa = PBXResourcesBuildPhase;
			buildActionMask = 2147483647;
			files = (
				3803AEAA19CCFEDD0088623B /* PlayerScoreCard.xib in Resources */,
				38D71C1B19D4EDC800D880D1 /* PlayersViewController.xib in Resources */,
				38ED356C19CD498000D6FEBF /* TurnAmountViewController.xib in Resources */,
				3803AEB419CD068A0088623B /* PlayerTurnTableViewCell.xib in Resources */,
				3803AE9119CCEF730088623B /* LaunchScreen.xib in Resources */,
				3803AE8E19CCEF730088623B /* Images.xcassets in Resources */,
				38ED357919CD9AFB00D6FEBF /* GameScoreViewController.xib in Resources */,
				38CAD47019D4DB1D000F4F26 /* CreatePlayerViewController.xib in Resources */,
			);
			runOnlyForDeploymentPostprocessing = 0;
		};
		3803AE9419CCEF730088623B /* Resources */ = {
			isa = PBXResourcesBuildPhase;
			buildActionMask = 2147483647;
			files = (
			);
			runOnlyForDeploymentPostprocessing = 0;
		};
/* End PBXResourcesBuildPhase section */

/* Begin PBXSourcesBuildPhase section */
		3803AE7919CCEF730088623B /* Sources */ = {
			isa = PBXSourcesBuildPhase;
			buildActionMask = 2147483647;
			files = (
				3803AE8619CCEF730088623B /* AppDelegate.m in Sources */,
				38ED356B19CD498000D6FEBF /* TurnAmountViewController.m in Sources */,
				38CAD4D819D4E89F000F4F26 /* MagicalRecord+Options.m in Sources */,
				38CAD4D419D4E89F000F4F26 /* NSPersistentStoreCoordinator+MagicalRecord.m in Sources */,
				38CAD4C419D4E89F000F4F26 /* NSEntityDescription+MagicalDataImport.m in Sources */,
				3803AEB319CD068A0088623B /* PlayerTurnTableViewCell.m in Sources */,
				38CAD47F19D4E28F000F4F26 /* Game.m in Sources */,
				38CAD4C819D4E89F000F4F26 /* NSString+MagicalDataImport.m in Sources */,
				38CAD4C619D4E89F000F4F26 /* NSObject+MagicalDataImport.m in Sources */,
				38CAD4D919D4E89F000F4F26 /* MagicalRecord+Setup.m in Sources */,
				38CAD4CB19D4E89F000F4F26 /* NSManagedObject+MagicalFinders.m in Sources */,
				3803AE8319CCEF730088623B /* main.m in Sources */,
				38CAD4D319D4E89F000F4F26 /* NSPersistentStore+MagicalRecord.m in Sources */,
				38CAD4DB19D4E89F000F4F26 /* MagicalRecord.m in Sources */,
				38CAD48519D4E290000F4F26 /* Player.m in Sources */,
				38CAD48219D4E290000F4F26 /* Turn.m in Sources */,
				38CAD4CD19D4E89F000F4F26 /* NSManagedObject+MagicalRequests.m in Sources */,
				38ED357419CD5E6800D6FEBF /* UIViewController+MaryPopin.m in Sources */,
				38CAD4D119D4E89F000F4F26 /* NSManagedObjectContext+MagicalThreading.m in Sources */,
				38CAD4D519D4E89F000F4F26 /* MagicalRecord+Actions.m in Sources */,
				38CAD4DA19D4E89F000F4F26 /* MagicalRecord+ShorthandSupport.m in Sources */,
				38CAD4D219D4E89F000F4F26 /* NSManagedObjectModel+MagicalRecord.m in Sources */,
				38CAD46F19D4DB1D000F4F26 /* CreatePlayerViewController.m in Sources */,
				38CAD4CA19D4E89F000F4F26 /* NSManagedObject+MagicalDataImport.m in Sources */,
				38CAD4D619D4E89F000F4F26 /* MagicalRecord+ErrorHandling.m in Sources */,
				38CAD4CC19D4E89F000F4F26 /* NSManagedObject+MagicalRecord.m in Sources */,
				38CAD4D019D4E89F000F4F26 /* NSManagedObjectContext+MagicalSaves.m in Sources */,
				38CAD4C519D4E89F000F4F26 /* NSNumber+MagicalDataImport.m in Sources */,
				38CAD4CE19D4E89F000F4F26 /* NSManagedObjectContext+MagicalObserving.m in Sources */,
				38CAD4D719D4E89F000F4F26 /* MagicalRecord+iCloud.m in Sources */,
				3803AEA919CCFEDD0088623B /* PlayerScoreCard.m in Sources */,
				38CAD4C919D4E89F000F4F26 /* NSManagedObject+MagicalAggregation.m in Sources */,
				38CAD4C219D4E89F000F4F26 /* MagicalImportFunctions.m in Sources */,
				38D71C1A19D4EDC800D880D1 /* PlayersViewController.m in Sources */,
				38CAD4C319D4E89F000F4F26 /* NSAttributeDescription+MagicalDataImport.m in Sources */,
				38D71C5E19D54F0400D880D1 /* Constants.m in Sources */,
				38CAD4C719D4E89F000F4F26 /* NSRelationshipDescription+MagicalDataImport.m in Sources */,
				38CAD4CF19D4E89F000F4F26 /* NSManagedObjectContext+MagicalRecord.m in Sources */,
				38CAD47C19D4E25C000F4F26 /* Scorer.xcdatamodel in Sources */,
				38ED357819CD9AFB00D6FEBF /* GameScoreViewController.m in Sources */,
			);
			runOnlyForDeploymentPostprocessing = 0;
		};
		3803AE9219CCEF730088623B /* Sources */ = {
			isa = PBXSourcesBuildPhase;
			buildActionMask = 2147483647;
			files = (
				3803AE9D19CCEF730088623B /* ScorerTests.m in Sources */,
			);
			runOnlyForDeploymentPostprocessing = 0;
		};
/* End PBXSourcesBuildPhase section */

/* Begin PBXTargetDependency section */
		3803AE9819CCEF730088623B /* PBXTargetDependency */ = {
			isa = PBXTargetDependency;
			target = 3803AE7C19CCEF730088623B /* Scorer */;
			targetProxy = 3803AE9719CCEF730088623B /* PBXContainerItemProxy */;
		};
/* End PBXTargetDependency section */

/* Begin PBXVariantGroup section */
		3803AE8F19CCEF730088623B /* LaunchScreen.xib */ = {
			isa = PBXVariantGroup;
			children = (
				3803AE9019CCEF730088623B /* Base */,
			);
			name = LaunchScreen.xib;
			sourceTree = "<group>";
		};
/* End PBXVariantGroup section */

/* Begin XCBuildConfiguration section */
		3803AE9E19CCEF730088623B /* Debug */ = {
			isa = XCBuildConfiguration;
			buildSettings = {
				ALWAYS_SEARCH_USER_PATHS = NO;
				CLANG_CXX_LANGUAGE_STANDARD = "gnu++0x";
				CLANG_CXX_LIBRARY = "libc++";
				CLANG_ENABLE_MODULES = YES;
				CLANG_ENABLE_OBJC_ARC = YES;
				CLANG_WARN_BOOL_CONVERSION = YES;
				CLANG_WARN_CONSTANT_CONVERSION = YES;
				CLANG_WARN_DIRECT_OBJC_ISA_USAGE = YES_ERROR;
				CLANG_WARN_EMPTY_BODY = YES;
				CLANG_WARN_ENUM_CONVERSION = YES;
				CLANG_WARN_INT_CONVERSION = YES;
				CLANG_WARN_OBJC_ROOT_CLASS = YES_ERROR;
				CLANG_WARN_UNREACHABLE_CODE = YES;
				CLANG_WARN__DUPLICATE_METHOD_MATCH = YES;
				"CODE_SIGN_IDENTITY[sdk=iphoneos*]" = "iPhone Developer";
				COPY_PHASE_STRIP = NO;
				ENABLE_STRICT_OBJC_MSGSEND = YES;
				GCC_C_LANGUAGE_STANDARD = gnu99;
				GCC_DYNAMIC_NO_PIC = NO;
				GCC_OPTIMIZATION_LEVEL = 0;
				GCC_PREFIX_HEADER = "Scorer/Scorer-Prefix.pch";
				GCC_PREPROCESSOR_DEFINITIONS = (
					"DEBUG=1",
					"$(inherited)",
				);
				GCC_SYMBOLS_PRIVATE_EXTERN = NO;
				GCC_WARN_64_TO_32_BIT_CONVERSION = YES;
				GCC_WARN_ABOUT_RETURN_TYPE = YES_ERROR;
				GCC_WARN_UNDECLARED_SELECTOR = YES;
				GCC_WARN_UNINITIALIZED_AUTOS = YES_AGGRESSIVE;
				GCC_WARN_UNUSED_FUNCTION = YES;
				GCC_WARN_UNUSED_VARIABLE = YES;
				IPHONEOS_DEPLOYMENT_TARGET = 8.0;
				MTL_ENABLE_DEBUG_INFO = YES;
				ONLY_ACTIVE_ARCH = YES;
				SDKROOT = iphoneos;
			};
			name = Debug;
		};
		3803AE9F19CCEF730088623B /* Release */ = {
			isa = XCBuildConfiguration;
			buildSettings = {
				ALWAYS_SEARCH_USER_PATHS = NO;
				CLANG_CXX_LANGUAGE_STANDARD = "gnu++0x";
				CLANG_CXX_LIBRARY = "libc++";
				CLANG_ENABLE_MODULES = YES;
				CLANG_ENABLE_OBJC_ARC = YES;
				CLANG_WARN_BOOL_CONVERSION = YES;
				CLANG_WARN_CONSTANT_CONVERSION = YES;
				CLANG_WARN_DIRECT_OBJC_ISA_USAGE = YES_ERROR;
				CLANG_WARN_EMPTY_BODY = YES;
				CLANG_WARN_ENUM_CONVERSION = YES;
				CLANG_WARN_INT_CONVERSION = YES;
				CLANG_WARN_OBJC_ROOT_CLASS = YES_ERROR;
				CLANG_WARN_UNREACHABLE_CODE = YES;
				CLANG_WARN__DUPLICATE_METHOD_MATCH = YES;
				"CODE_SIGN_IDENTITY[sdk=iphoneos*]" = "iPhone Developer";
				COPY_PHASE_STRIP = YES;
				ENABLE_NS_ASSERTIONS = NO;
				ENABLE_STRICT_OBJC_MSGSEND = YES;
				GCC_C_LANGUAGE_STANDARD = gnu99;
				GCC_PREFIX_HEADER = "Scorer/Scorer-Prefix.pch";
				GCC_WARN_64_TO_32_BIT_CONVERSION = YES;
				GCC_WARN_ABOUT_RETURN_TYPE = YES_ERROR;
				GCC_WARN_UNDECLARED_SELECTOR = YES;
				GCC_WARN_UNINITIALIZED_AUTOS = YES_AGGRESSIVE;
				GCC_WARN_UNUSED_FUNCTION = YES;
				GCC_WARN_UNUSED_VARIABLE = YES;
				IPHONEOS_DEPLOYMENT_TARGET = 8.0;
				MTL_ENABLE_DEBUG_INFO = NO;
				SDKROOT = iphoneos;
				VALIDATE_PRODUCT = YES;
			};
			name = Release;
		};
		3803AEA119CCEF730088623B /* Debug */ = {
			isa = XCBuildConfiguration;
			buildSettings = {
				ASSETCATALOG_COMPILER_APPICON_NAME = AppIcon;
				INFOPLIST_FILE = Scorer/Info.plist;
				LD_RUNPATH_SEARCH_PATHS = "$(inherited) @executable_path/Frameworks";
				PRODUCT_NAME = "$(TARGET_NAME)";
			};
			name = Debug;
		};
		3803AEA219CCEF730088623B /* Release */ = {
			isa = XCBuildConfiguration;
			buildSettings = {
				ASSETCATALOG_COMPILER_APPICON_NAME = AppIcon;
				INFOPLIST_FILE = Scorer/Info.plist;
				LD_RUNPATH_SEARCH_PATHS = "$(inherited) @executable_path/Frameworks";
				PRODUCT_NAME = "$(TARGET_NAME)";
			};
			name = Release;
		};
		3803AEA419CCEF730088623B /* Debug */ = {
			isa = XCBuildConfiguration;
			buildSettings = {
				BUNDLE_LOADER = "$(TEST_HOST)";
				FRAMEWORK_SEARCH_PATHS = (
					"$(SDKROOT)/Developer/Library/Frameworks",
					"$(inherited)",
				);
				GCC_PREPROCESSOR_DEFINITIONS = (
					"DEBUG=1",
					"$(inherited)",
				);
				INFOPLIST_FILE = ScorerTests/Info.plist;
				LD_RUNPATH_SEARCH_PATHS = "$(inherited) @executable_path/Frameworks @loader_path/Frameworks";
				PRODUCT_NAME = "$(TARGET_NAME)";
				TEST_HOST = "$(BUILT_PRODUCTS_DIR)/Scorer.app/Scorer";
			};
			name = Debug;
		};
		3803AEA519CCEF730088623B /* Release */ = {
			isa = XCBuildConfiguration;
			buildSettings = {
				BUNDLE_LOADER = "$(TEST_HOST)";
				FRAMEWORK_SEARCH_PATHS = (
					"$(SDKROOT)/Developer/Library/Frameworks",
					"$(inherited)",
				);
				INFOPLIST_FILE = ScorerTests/Info.plist;
				LD_RUNPATH_SEARCH_PATHS = "$(inherited) @executable_path/Frameworks @loader_path/Frameworks";
				PRODUCT_NAME = "$(TARGET_NAME)";
				TEST_HOST = "$(BUILT_PRODUCTS_DIR)/Scorer.app/Scorer";
			};
			name = Release;
		};
/* End XCBuildConfiguration section */

/* Begin XCConfigurationList section */
		3803AE7819CCEF730088623B /* Build configuration list for PBXProject "Scorer" */ = {
			isa = XCConfigurationList;
			buildConfigurations = (
				3803AE9E19CCEF730088623B /* Debug */,
				3803AE9F19CCEF730088623B /* Release */,
			);
			defaultConfigurationIsVisible = 0;
			defaultConfigurationName = Release;
		};
		3803AEA019CCEF730088623B /* Build configuration list for PBXNativeTarget "Scorer" */ = {
			isa = XCConfigurationList;
			buildConfigurations = (
				3803AEA119CCEF730088623B /* Debug */,
				3803AEA219CCEF730088623B /* Release */,
			);
			defaultConfigurationIsVisible = 0;
			defaultConfigurationName = Release;
		};
		3803AEA319CCEF730088623B /* Build configuration list for PBXNativeTarget "ScorerTests" */ = {
			isa = XCConfigurationList;
			buildConfigurations = (
				3803AEA419CCEF730088623B /* Debug */,
				3803AEA519CCEF730088623B /* Release */,
			);
			defaultConfigurationIsVisible = 0;
			defaultConfigurationName = Release;
		};
/* End XCConfigurationList section */
	};
	rootObject = 3803AE7519CCEF730088623B /* Project object */;
}
